FORGE
  remote: https://forgeapi.puppetlabs.com
  specs:
    ghoneycutt-selinux (1.1.0)
      puppetlabs-stdlib (>= 3.2.0)
    nanliu-staging (1.0.3)
    puppetlabs-firewall (1.4.0)
    puppetlabs-mysql (3.3.0)
      nanliu-staging (~> 1.0)
      puppetlabs-stdlib (< 5.0.0, >= 3.2.0)
    puppetlabs-stdlib (4.5.1)
    puppetlabs-vcsrepo (1.2.0)

GIT
  remote: https://github.com/meltwater/puppet-cpan
  ref: master
  sha: 0edd49a202991cec02a462edfd5b2748142f36a6
  specs:
    meltwater-cpan (1.0.0)

DEPENDENCIES
  ghoneycutt-selinux (>= 0)
  meltwater-cpan (>= 0)
  puppetlabs-firewall (>= 0)
  puppetlabs-mysql (>= 0)
  puppetlabs-vcsrepo (>= 0)

